
Microsoft Visual Studio Solution File, Format Version 12.00
# Visual Studio Version 17
VisualStudioVersion = 17.14.36623.8 d17.14
MinimumVisualStudioVersion = 10.0.40219.1
Project("{FAE04EC0-301F-11D3-BF4B-00C04F79EFBC}") = "StreamingPlayer", "StreamingPlayer\StreamingPlayer.csproj", "{3C379B2D-B44A-4BEE-8DF6-505BD7C7A9D1}"
EndProject
Global
	GlobalSection(SolutionConfigurationPlatforms) = preSolution
		Debug|Any CPU = Debug|Any CPU
		Release|Any CPU = Release|Any CPU
	EndGlobalSection
	GlobalSection(ProjectConfigurationPlatforms) = postSolution
		{3C379B2D-B44A-4BEE-8DF6-505BD7C7A9D1}.Debug|Any CPU.ActiveCfg = Debug|Any CPU
		{3C379B2D-B44A-4BEE-8DF6-505BD7C7A9D1}.Debug|Any CPU.Build.0 = Debug|Any CPU
		{3C379B2D-B44A-4BEE-8DF6-505BD7C7A9D1}.Release|Any CPU.ActiveCfg = Release|Any CPU
		{3C379B2D-B44A-4BEE-8DF6-505BD7C7A9D1}.Release|Any CPU.Build.0 = Release|Any CPU
	EndGlobalSection
	GlobalSection(SolutionProperties) = preSolution
		HideSolutionNode = FALSE
	EndGlobalSection
	GlobalSection(ExtensibilityGlobals) = postSolution
		SolutionGuid = {B3D2A22E-3E10-434D-88DB-5881967701A7}
	EndGlobalSection
EndGlobal
